
Microsoft Visual Studio Solution File, Format Version 12.00
# Visual Studio Version 16
VisualStudioVersion = 16.0.31410.357
MinimumVisualStudioVersion = 10.0.40219.1
Project("{FAE04EC0-301F-11D3-BF4B-00C04F79EFBC}") = "EFCore", "EFCore\EFCore.csproj", "{4C5B772D-D214-4881-8504-16570160B4EC}"
EndProject
Global
	GlobalSection(SolutionConfigurationPlatforms) = preSolution
		Debug|Any CPU = Debug|Any CPU
		Release|Any CPU = Release|Any CPU
	EndGlobalSection
	GlobalSection(ProjectConfigurationPlatforms) = postSolution
		{4C5B772D-D214-4881-8504-16570160B4EC}.Debug|Any CPU.ActiveCfg = Debug|Any CPU
		{4C5B772D-D214-4881-8504-16570160B4EC}.Debug|Any CPU.Build.0 = Debug|Any CPU
		{4C5B772D-D214-4881-8504-16570160B4EC}.Release|Any CPU.ActiveCfg = Release|Any CPU
		{4C5B772D-D214-4881-8504-16570160B4EC}.Release|Any CPU.Build.0 = Release|Any CPU
	EndGlobalSection
	GlobalSection(SolutionProperties) = preSolution
		HideSolutionNode = FALSE
	EndGlobalSection
	GlobalSection(ExtensibilityGlobals) = postSolution
		SolutionGuid = {E3F8001A-D08E-429F-9153-3B4EE11F0B43}
	EndGlobalSection
EndGlobal
